
Microsoft Visual Studio Solution File, Format Version 12.00
# Visual Studio Version 17
VisualStudioVersion = 17.3.32825.248
MinimumVisualStudioVersion = 10.0.40219.1
Project("{FAE04EC0-301F-11D3-BF4B-00C04F79EFBC}") = "DesignFirstApproachCrud", "DesignFirstApproachCrud\DesignFirstApproachCrud.csproj", "{D8C88105-2B6D-403C-AA1E-0384D6E69C79}"
EndProject
Project("{FAE04EC0-301F-11D3-BF4B-00C04F79EFBC}") = "TCC.Repository", "TCC.Repository\TCC.Repository.csproj", "{18CD8370-9874-4985-BC7D-65761958E58E}"
EndProject
Project("{FAE04EC0-301F-11D3-BF4B-00C04F79EFBC}") = "TCC.Service", "TCC.Service\TCC.Service.csproj", "{6B163DAB-525A-4881-B17B-971A52830E8B}"
EndProject
Project("{FAE04EC0-301F-11D3-BF4B-00C04F79EFBC}") = "TCC.Domain", "TCC.Domain\TCC.Domain.csproj", "{07500B06-0AF1-4984-997C-B54B6897C40E}"
EndProject
Global
	GlobalSection(SolutionConfigurationPlatforms) = preSolution
		Debug|Any CPU = Debug|Any CPU
		Release|Any CPU = Release|Any CPU
	EndGlobalSection
	GlobalSection(ProjectConfigurationPlatforms) = postSolution
		{D8C88105-2B6D-403C-AA1E-0384D6E69C79}.Debug|Any CPU.ActiveCfg = Debug|Any CPU
		{D8C88105-2B6D-403C-AA1E-0384D6E69C79}.Debug|Any CPU.Build.0 = Debug|Any CPU
		{D8C88105-2B6D-403C-AA1E-0384D6E69C79}.Release|Any CPU.ActiveCfg = Release|Any CPU
		{D8C88105-2B6D-403C-AA1E-0384D6E69C79}.Release|Any CPU.Build.0 = Release|Any CPU
		{18CD8370-9874-4985-BC7D-65761958E58E}.Debug|Any CPU.ActiveCfg = Debug|Any CPU
		{18CD8370-9874-4985-BC7D-65761958E58E}.Debug|Any CPU.Build.0 = Debug|Any CPU
		{18CD8370-9874-4985-BC7D-65761958E58E}.Release|Any CPU.ActiveCfg = Release|Any CPU
		{18CD8370-9874-4985-BC7D-65761958E58E}.Release|Any CPU.Build.0 = Release|Any CPU
		{6B163DAB-525A-4881-B17B-971A52830E8B}.Debug|Any CPU.ActiveCfg = Debug|Any CPU
		{6B163DAB-525A-4881-B17B-971A52830E8B}.Debug|Any CPU.Build.0 = Debug|Any CPU
		{6B163DAB-525A-4881-B17B-971A52830E8B}.Release|Any CPU.ActiveCfg = Release|Any CPU
		{6B163DAB-525A-4881-B17B-971A52830E8B}.Release|Any CPU.Build.0 = Release|Any CPU
		{07500B06-0AF1-4984-997C-B54B6897C40E}.Debug|Any CPU.ActiveCfg = Debug|Any CPU
		{07500B06-0AF1-4984-997C-B54B6897C40E}.Debug|Any CPU.Build.0 = Debug|Any CPU
		{07500B06-0AF1-4984-997C-B54B6897C40E}.Release|Any CPU.ActiveCfg = Release|Any CPU
		{07500B06-0AF1-4984-997C-B54B6897C40E}.Release|Any CPU.Build.0 = Release|Any CPU
	EndGlobalSection
	GlobalSection(SolutionProperties) = preSolution
		HideSolutionNode = FALSE
	EndGlobalSection
	GlobalSection(ExtensibilityGlobals) = postSolution
		SolutionGuid = {6BC82545-4263-4EE8-B67F-D7D5CA5A90EE}
	EndGlobalSection
EndGlobal
